
Microsoft Visual Studio Solution File, Format Version 12.00
# Visual Studio Version 16
VisualStudioVersion = 16.0.30204.135
MinimumVisualStudioVersion = 10.0.40219.1
Project("{FAE04EC0-301F-11D3-BF4B-00C04F79EFBC}") = "MarkdownNodes", "MarkdownNodes\MarkdownNodes.csproj", "{2D6B8E10-D55B-453D-9DF7-6619C60142A2}"
EndProject
Global
	GlobalSection(SolutionConfigurationPlatforms) = preSolution
		Analysis|Any CPU = Analysis|Any CPU
		Debug|Any CPU = Debug|Any CPU
		Release|Any CPU = Release|Any CPU
	EndGlobalSection
	GlobalSection(ProjectConfigurationPlatforms) = postSolution
		{2D6B8E10-D55B-453D-9DF7-6619C60142A2}.Analysis|Any CPU.ActiveCfg = Release|Any CPU
		{2D6B8E10-D55B-453D-9DF7-6619C60142A2}.Analysis|Any CPU.Build.0 = Release|Any CPU
		{2D6B8E10-D55B-453D-9DF7-6619C60142A2}.Debug|Any CPU.ActiveCfg = Debug|Any CPU
		{2D6B8E10-D55B-453D-9DF7-6619C60142A2}.Debug|Any CPU.Build.0 = Debug|Any CPU
		{2D6B8E10-D55B-453D-9DF7-6619C60142A2}.Release|Any CPU.ActiveCfg = Release|Any CPU
		{2D6B8E10-D55B-453D-9DF7-6619C60142A2}.Release|Any CPU.Build.0 = Release|Any CPU
	EndGlobalSection
	GlobalSection(SolutionProperties) = preSolution
		HideSolutionNode = FALSE
	EndGlobalSection
	GlobalSection(ExtensibilityGlobals) = postSolution
		SolutionGuid = {67435F60-6966-4F0F-8AD9-26096C521281}
	EndGlobalSection
EndGlobal
